{
  "name": "@rbxts/bytenet",
  "version": "0.1.0",
  "lockfileVersion": 3,
  "requires": true,
  "packages": {
    "": {
      "name": "@rbxts/bytenet",
      "version": "0.1.0",
      "license": "MIT",
      "devDependencies": {
        "@rbxts/types": "^1.0.737"
      }
    },
    "node_modules/@rbxts/types": {
      "version": "1.0.737",
      "resolved": "https://registry.npmjs.org/@rbxts/types/-/types-1.0.737.tgz",
      "integrity": "sha512-qoap8d2/oGczr2jMGfuj2SRThKbXQwFOCdJHeIs232whLcdDjPr7KowRagq4so8n/PrnDc5ep+fMuIZ1nr6Odg==",
      "dev": true
    }
  }
}
