# This file is automatically @generated by Wally.
# It is not intended for manual editing.
registry = "test"

[[package]]
name = "ffrostflame/bytenet"
version = "0.2.6"
dependencies = [["wallyInstanceManager", "ffrostflame/wally-instance-manager@0.1.0"]]

[[package]]
name = "ffrostflame/wally-instance-manager"
version = "0.1.0"
dependencies = []
